
Microsoft Visual Studio Solution File, Format Version 12.00
# Visual Studio Version 17
VisualStudioVersion = 17.5.002.0
MinimumVisualStudioVersion = 10.0.40219.1
Project("{9A19103F-16F7-4668-BE54-9A1E7A4F7556}") = "UI", "UI.csproj", "{557E9DFA-BBCA-4C04-9AFE-1DC2193B36B1}"
EndProject
Global
	GlobalSection(SolutionConfigurationPlatforms) = preSolution
		Debug|Any CPU = Debug|Any CPU
		Release|Any CPU = Release|Any CPU
	EndGlobalSection
	GlobalSection(ProjectConfigurationPlatforms) = postSolution
		{557E9DFA-BBCA-4C04-9AFE-1DC2193B36B1}.Debug|Any CPU.ActiveCfg = Debug|Any CPU
		{557E9DFA-BBCA-4C04-9AFE-1DC2193B36B1}.Debug|Any CPU.Build.0 = Debug|Any CPU
		{557E9DFA-BBCA-4C04-9AFE-1DC2193B36B1}.Release|Any CPU.ActiveCfg = Release|Any CPU
		{557E9DFA-BBCA-4C04-9AFE-1DC2193B36B1}.Release|Any CPU.Build.0 = Release|Any CPU
	EndGlobalSection
	GlobalSection(SolutionProperties) = preSolution
		HideSolutionNode = FALSE
	EndGlobalSection
	GlobalSection(ExtensibilityGlobals) = postSolution
		SolutionGuid = {7D352F98-7688-468C-985A-5681745A9DE0}
	EndGlobalSection
EndGlobal
